
Microsoft Visual Studio Solution File, Format Version 12.00
# Visual Studio Version 17
VisualStudioVersion = 17.5.33530.505
MinimumVisualStudioVersion = 10.0.40219.1
Project("{8BC9CEB8-8B4A-11D0-8D11-00A0C91BC942}") = "assignment_7_1", "assignment_7_1.vcxproj", "{BCEA9612-A18E-4711-A963-ECCD71B75D89}"
EndProject
Global
	GlobalSection(SolutionConfigurationPlatforms) = preSolution
		Debug|x64 = Debug|x64
		Debug|x86 = Debug|x86
		Release|x64 = Release|x64
		Release|x86 = Release|x86
	EndGlobalSection
	GlobalSection(ProjectConfigurationPlatforms) = postSolution
		{BCEA9612-A18E-4711-A963-ECCD71B75D89}.Debug|x64.ActiveCfg = Debug|x64
		{BCEA9612-A18E-4711-A963-ECCD71B75D89}.Debug|x64.Build.0 = Debug|x64
		{BCEA9612-A18E-4711-A963-ECCD71B75D89}.Debug|x86.ActiveCfg = Debug|Win32
		{BCEA9612-A18E-4711-A963-ECCD71B75D89}.Debug|x86.Build.0 = Debug|Win32
		{BCEA9612-A18E-4711-A963-ECCD71B75D89}.Release|x64.ActiveCfg = Release|x64
		{BCEA9612-A18E-4711-A963-ECCD71B75D89}.Release|x64.Build.0 = Release|x64
		{BCEA9612-A18E-4711-A963-ECCD71B75D89}.Release|x86.ActiveCfg = Release|Win32
		{BCEA9612-A18E-4711-A963-ECCD71B75D89}.Release|x86.Build.0 = Release|Win32
	EndGlobalSection
	GlobalSection(SolutionProperties) = preSolution
		HideSolutionNode = FALSE
	EndGlobalSection
	GlobalSection(ExtensibilityGlobals) = postSolution
		SolutionGuid = {411E5CFC-1686-4C63-8CC9-D920E536C32E}
	EndGlobalSection
EndGlobal
